// !$*UTF8*$!
{
	archiveVersion = 1;
	classes = {
	};
	objectVersion = 50;
	objects = {

/* Begin PBXBuildFile section */
		69FEBFDA25403C8F007824A6 /* Language4FunApp.swift in Sources */ = {isa = PBXBuildFile; fileRef = 69FEBFD925403C8F007824A6 /* Language4FunApp.swift */; };
		69FEBFDC25403C8F007824A6 /* ContentView.swift in Sources */ = {isa = PBXBuildFile; fileRef = 69FEBFDB25403C8F007824A6 /* ContentView.swift */; };
		69FEBFDE25403C92007824A6 /* Assets.xcassets in Resources */ = {isa = PBXBuildFile; fileRef = 69FEBFDD25403C92007824A6 /* Assets.xcassets */; };
		69FEBFE125403C92007824A6 /* Preview Assets.xcassets in Resources */ = {isa = PBXBuildFile; fileRef = 69FEBFE025403C92007824A6 /* Preview Assets.xcassets */; };
		B66EF7E22546BD1100666467 /* Esercizio.swift in Sources */ = {isa = PBXBuildFile; fileRef = B66EF7E12546BD1100666467 /* Esercizio.swift */; };
		B66EF7E52546BD1C00666467 /* EsercizioCompleto.swift in Sources */ = {isa = PBXBuildFile; fileRef = B66EF7E42546BD1C00666467 /* EsercizioCompleto.swift */; };
		B66EF7E82546BD2300666467 /* ExcersiseStruttura.swift in Sources */ = {isa = PBXBuildFile; fileRef = B66EF7E72546BD2300666467 /* ExcersiseStruttura.swift */; };
		B66EF7EB2546BD2A00666467 /* EsercizioStart.swift in Sources */ = {isa = PBXBuildFile; fileRef = B66EF7EA2546BD2A00666467 /* EsercizioStart.swift */; };
		B6A5D4E52541BA2D00F7F15B /* HomeView.swift in Sources */ = {isa = PBXBuildFile; fileRef = B6A5D4E42541BA2D00F7F15B /* HomeView.swift */; };
		B6A5D4E92541C12200F7F15B /* WorldView.swift in Sources */ = {isa = PBXBuildFile; fileRef = B6A5D4E82541C12200F7F15B /* WorldView.swift */; };
		B6A5D4EC2542FFE100F7F15B /* Level1View.swift in Sources */ = {isa = PBXBuildFile; fileRef = B6A5D4EB2542FFE100F7F15B /* Level1View.swift */; };
		B6F3747B2547592100A7A9F1 /* PlaySound.swift in Sources */ = {isa = PBXBuildFile; fileRef = B6F3747A2547592100A7A9F1 /* PlaySound.swift */; };
		B6F37486254821AB00A7A9F1 /* Dyspace theme.mp3 in Resources */ = {isa = PBXBuildFile; fileRef = B6F37485254821AB00A7A9F1 /* Dyspace theme.mp3 */; };
		B6F374DD25482AFD00A7A9F1 /* ghost.m4a in Resources */ = {isa = PBXBuildFile; fileRef = B6F3748D25482AF000A7A9F1 /* ghost.m4a */; };
		B6F374DE25482AFD00A7A9F1 /* C.m4a in Resources */ = {isa = PBXBuildFile; fileRef = B6F3748E25482AF000A7A9F1 /* C.m4a */; };
		B6F374DF25482AFD00A7A9F1 /* tap note.m4a in Resources */ = {isa = PBXBuildFile; fileRef = B6F3748F25482AF100A7A9F1 /* tap note.m4a */; };
		B6F374E025482AFD00A7A9F1 /* EL m.m4a in Resources */ = {isa = PBXBuildFile; fileRef = B6F3749025482AF100A7A9F1 /* EL m.m4a */; };
		B6F374E125482AFD00A7A9F1 /* elephant.m4a in Resources */ = {isa = PBXBuildFile; fileRef = B6F3749125482AF100A7A9F1 /* elephant.m4a */; };
		B6F374E225482AFD00A7A9F1 /* EL C.m4a in Resources */ = {isa = PBXBuildFile; fileRef = B6F3749225482AF100A7A9F1 /* EL C.m4a */; };
		B6F374E325482AFD00A7A9F1 /* L.m4a in Resources */ = {isa = PBXBuildFile; fileRef = B6F3749325482AF100A7A9F1 /* L.m4a */; };
		B6F374E425482AFD00A7A9F1 /* jellyfish.m4a in Resources */ = {isa = PBXBuildFile; fileRef = B6F3749425482AF100A7A9F1 /* jellyfish.m4a */; };
		B6F374E525482AFD00A7A9F1 /* lion.m4a in Resources */ = {isa = PBXBuildFile; fileRef = B6F3749525482AF100A7A9F1 /* lion.m4a */; };
		B6F374E625482AFD00A7A9F1 /* EL D.m4a in Resources */ = {isa = PBXBuildFile; fileRef = B6F3749625482AF200A7A9F1 /* EL D.m4a */; };
		B6F374E725482AFD00A7A9F1 /* D.m4a in Resources */ = {isa = PBXBuildFile; fileRef = B6F3749725482AF200A7A9F1 /* D.m4a */; };
		B6F374E825482AFD00A7A9F1 /* seagull.m4a in Resources */ = {isa = PBXBuildFile; fileRef = B6F3749825482AF200A7A9F1 /* seagull.m4a */; };
		B6F374E925482AFD00A7A9F1 /* violin.m4a in Resources */ = {isa = PBXBuildFile; fileRef = B6F3749925482AF200A7A9F1 /* violin.m4a */; };
		B6F374EA25482AFD00A7A9F1 /* Helicopter .m4a in Resources */ = {isa = PBXBuildFile; fileRef = B6F3749A25482AF200A7A9F1 /* Helicopter .m4a */; };
		B6F374EB25482AFD00A7A9F1 /* tree.m4a in Resources */ = {isa = PBXBuildFile; fileRef = B6F3749B25482AF200A7A9F1 /* tree.m4a */; };
		B6F374EC25482AFD00A7A9F1 /* EL P.m4a in Resources */ = {isa = PBXBuildFile; fileRef = B6F3749C25482AF300A7A9F1 /* EL P.m4a */; };
		B6F374ED25482AFD00A7A9F1 /* kite2.m4a in Resources */ = {isa = PBXBuildFile; fileRef = B6F3749D25482AF300A7A9F1 /* kite2.m4a */; };
		B6F374EE25482AFD00A7A9F1 /* EL G.m4a in Resources */ = {isa = PBXBuildFile; fileRef = B6F3749E25482AF300A7A9F1 /* EL G.m4a */; };
		B6F374EF25482AFD00A7A9F1 /* G.m4a in Resources */ = {isa = PBXBuildFile; fileRef = B6F3749F25482AF300A7A9F1 /* G.m4a */; };
		B6F374F025482AFD00A7A9F1 /* queen.m4a in Resources */ = {isa = PBXBuildFile; fileRef = B6F374A025482AF300A7A9F1 /* queen.m4a */; };
		B6F374F125482AFD00A7A9F1 /* Z.m4a in Resources */ = {isa = PBXBuildFile; fileRef = B6F374A125482AF300A7A9F1 /* Z.m4a */; };
		B6F374F225482AFD00A7A9F1 /* EL N.m4a in Resources */ = {isa = PBXBuildFile; fileRef = B6F374A225482AF300A7A9F1 /* EL N.m4a */; };
		B6F374F325482AFD00A7A9F1 /* EL I.m4a in Resources */ = {isa = PBXBuildFile; fileRef = B6F374A325482AF400A7A9F1 /* EL I.m4a */; };
		B6F374F425482AFD00A7A9F1 /* orange.m4a in Resources */ = {isa = PBXBuildFile; fileRef = B6F374A425482AF400A7A9F1 /* orange.m4a */; };
		B6F374F525482AFD00A7A9F1 /* V.m4a in Resources */ = {isa = PBXBuildFile; fileRef = B6F374A525482AF400A7A9F1 /* V.m4a */; };
		B6F374F625482AFD00A7A9F1 /* correct3.m4a in Resources */ = {isa = PBXBuildFile; fileRef = B6F374A625482AF400A7A9F1 /* correct3.m4a */; };
		B6F374F725482AFD00A7A9F1 /* J.m4a in Resources */ = {isa = PBXBuildFile; fileRef = B6F374A725482AF400A7A9F1 /* J.m4a */; };
		B6F374F825482AFD00A7A9F1 /* EL O.m4a in Resources */ = {isa = PBXBuildFile; fileRef = B6F374A825482AF400A7A9F1 /* EL O.m4a */; };
		B6F374F925482AFD00A7A9F1 /* N.m4a in Resources */ = {isa = PBXBuildFile; fileRef = B6F374A925482AF400A7A9F1 /* N.m4a */; };
		B6F374FA25482AFD00A7A9F1 /* Neptune.m4a in Resources */ = {isa = PBXBuildFile; fileRef = B6F374AA25482AF500A7A9F1 /* Neptune.m4a */; };
		B6F374FB25482AFD00A7A9F1 /* Story.m4a in Resources */ = {isa = PBXBuildFile; fileRef = B6F374AB25482AF500A7A9F1 /* Story.m4a */; };
		B6F374FC25482AFD00A7A9F1 /* EL K2.m4a in Resources */ = {isa = PBXBuildFile; fileRef = B6F374AC25482AF500A7A9F1 /* EL K2.m4a */; };
		B6F374FD25482AFD00A7A9F1 /* k.m4a in Resources */ = {isa = PBXBuildFile; fileRef = B6F374AD25482AF500A7A9F1 /* k.m4a */; };
		B6F374FE25482AFD00A7A9F1 /* T.m4a in Resources */ = {isa = PBXBuildFile; fileRef = B6F374AE25482AF500A7A9F1 /* T.m4a */; };
		B6F374FF25482AFD00A7A9F1 /* uranus.m4a in Resources */ = {isa = PBXBuildFile; fileRef = B6F374AF25482AF500A7A9F1 /* uranus.m4a */; };
		B6F3750025482AFD00A7A9F1 /* panda.m4a in Resources */ = {isa = PBXBuildFile; fileRef = B6F374B025482AF600A7A9F1 /* panda.m4a */; };
		B6F3750125482AFD00A7A9F1 /* EL H.m4a in Resources */ = {isa = PBXBuildFile; fileRef = B6F374B125482AF600A7A9F1 /* EL H.m4a */; };
		B6F3750225482AFD00A7A9F1 /* apple.m4a in Resources */ = {isa = PBXBuildFile; fileRef = B6F374B225482AF600A7A9F1 /* apple.m4a */; };
		B6F3750325482AFD00A7A9F1 /* radio.m4a in Resources */ = {isa = PBXBuildFile; fileRef = B6F374B325482AF600A7A9F1 /* radio.m4a */; };
		B6F3750425482AFD00A7A9F1 /* Q.m4a in Resources */ = {isa = PBXBuildFile; fileRef = B6F374B425482AF600A7A9F1 /* Q.m4a */; };
		B6F3750525482AFD00A7A9F1 /* Pluto.m4a in Resources */ = {isa = PBXBuildFile; fileRef = B6F374B525482AF600A7A9F1 /* Pluto.m4a */; };
		B6F3750625482AFD00A7A9F1 /* EL L.m4a in Resources */ = {isa = PBXBuildFile; fileRef = B6F374B625482AF600A7A9F1 /* EL L.m4a */; };
		B6F3750725482AFD00A7A9F1 /* flower.m4a in Resources */ = {isa = PBXBuildFile; fileRef = B6F374B725482AF700A7A9F1 /* flower.m4a */; };
		B6F3750825482AFD00A7A9F1 /* B.m4a in Resources */ = {isa = PBXBuildFile; fileRef = B6F374B825482AF700A7A9F1 /* B.m4a */; };
		B6F3750925482AFD00A7A9F1 /* EL J.m4a in Resources */ = {isa = PBXBuildFile; fileRef = B6F374B925482AF700A7A9F1 /* EL J.m4a */; };
		B6F3750A25482AFD00A7A9F1 /* cat.m4a in Resources */ = {isa = PBXBuildFile; fileRef = B6F374BA25482AF700A7A9F1 /* cat.m4a */; };
		B6F3750B25482AFD00A7A9F1 /* EL S.m4a in Resources */ = {isa = PBXBuildFile; fileRef = B6F374BB25482AF700A7A9F1 /* EL S.m4a */; };
		B6F3750C25482AFD00A7A9F1 /* H.m4a in Resources */ = {isa = PBXBuildFile; fileRef = B6F374BC25482AF700A7A9F1 /* H.m4a */; };
		B6F3750D25482AFD00A7A9F1 /* EL Z.m4a in Resources */ = {isa = PBXBuildFile; fileRef = B6F374BD25482AF800A7A9F1 /* EL Z.m4a */; };
		B6F3750E25482AFD00A7A9F1 /* E.m4a in Resources */ = {isa = PBXBuildFile; fileRef = B6F374BE25482AF800A7A9F1 /* E.m4a */; };
		B6F3750F25482AFD00A7A9F1 /* P.m4a in Resources */ = {isa = PBXBuildFile; fileRef = B6F374BF25482AF800A7A9F1 /* P.m4a */; };
		B6F3751025482AFD00A7A9F1 /* Ice-cream.m4a in Resources */ = {isa = PBXBuildFile; fileRef = B6F374C025482AF800A7A9F1 /* Ice-cream.m4a */; };
		B6F3751125482AFD00A7A9F1 /* R.m4a in Resources */ = {isa = PBXBuildFile; fileRef = B6F374C125482AF800A7A9F1 /* R.m4a */; };
		B6F3751225482AFD00A7A9F1 /* X.m4a in Resources */ = {isa = PBXBuildFile; fileRef = B6F374C225482AF800A7A9F1 /* X.m4a */; };
		B6F3751325482AFD00A7A9F1 /* F.m4a in Resources */ = {isa = PBXBuildFile; fileRef = B6F374C325482AF900A7A9F1 /* F.m4a */; };
		B6F3751425482AFD00A7A9F1 /* EL K.m4a in Resources */ = {isa = PBXBuildFile; fileRef = B6F374C425482AF900A7A9F1 /* EL K.m4a */; };
		B6F3751525482AFD00A7A9F1 /* EL Y.m4a in Resources */ = {isa = PBXBuildFile; fileRef = B6F374C525482AF900A7A9F1 /* EL Y.m4a */; };
		B6F3751625482AFD00A7A9F1 /* EL V.m4a in Resources */ = {isa = PBXBuildFile; fileRef = B6F374C625482AF900A7A9F1 /* EL V.m4a */; };
		B6F3751725482AFD00A7A9F1 /* S.m4a in Resources */ = {isa = PBXBuildFile; fileRef = B6F374C725482AF900A7A9F1 /* S.m4a */; };
		B6F3751825482AFD00A7A9F1 /* Umbrella .m4a in Resources */ = {isa = PBXBuildFile; fileRef = B6F374C825482AFA00A7A9F1 /* Umbrella .m4a */; };
		B6F3751925482AFD00A7A9F1 /* EL R.m4a in Resources */ = {isa = PBXBuildFile; fileRef = B6F374C925482AFA00A7A9F1 /* EL R.m4a */; };
		B6F3751A25482AFD00A7A9F1 /* EL E.m4a in Resources */ = {isa = PBXBuildFile; fileRef = B6F374CA25482AFA00A7A9F1 /* EL E.m4a */; };
		B6F3751B25482AFD00A7A9F1 /* I.m4a in Resources */ = {isa = PBXBuildFile; fileRef = B6F374CB25482AFA00A7A9F1 /* I.m4a */; };
		B6F3751C25482AFD00A7A9F1 /* A.m4a in Resources */ = {isa = PBXBuildFile; fileRef = B6F374CC25482AFA00A7A9F1 /* A.m4a */; };
		B6F3751D25482AFD00A7A9F1 /* EL T.m4a in Resources */ = {isa = PBXBuildFile; fileRef = B6F374CD25482AFA00A7A9F1 /* EL T.m4a */; };
		B6F3751E25482AFD00A7A9F1 /* EL W.m4a in Resources */ = {isa = PBXBuildFile; fileRef = B6F374CE25482AFB00A7A9F1 /* EL W.m4a */; };
		B6F3751F25482AFD00A7A9F1 /* EL A.m4a in Resources */ = {isa = PBXBuildFile; fileRef = B6F374CF25482AFB00A7A9F1 /* EL A.m4a */; };
		B6F3752025482AFD00A7A9F1 /* EL F.m4a in Resources */ = {isa = PBXBuildFile; fileRef = B6F374D025482AFB00A7A9F1 /* EL F.m4a */; };
		B6F3752125482AFD00A7A9F1 /* bee.m4a in Resources */ = {isa = PBXBuildFile; fileRef = B6F374D125482AFB00A7A9F1 /* bee.m4a */; };
		B6F3752225482AFD00A7A9F1 /* watch.m4a in Resources */ = {isa = PBXBuildFile; fileRef = B6F374D225482AFB00A7A9F1 /* watch.m4a */; };
		B6F3752325482AFD00A7A9F1 /* moon.m4a in Resources */ = {isa = PBXBuildFile; fileRef = B6F374D325482AFC00A7A9F1 /* moon.m4a */; };
		B6F3752425482AFD00A7A9F1 /* EL X.m4a in Resources */ = {isa = PBXBuildFile; fileRef = B6F374D425482AFC00A7A9F1 /* EL X.m4a */; };
		B6F3752525482AFD00A7A9F1 /* correct1.m4a in Resources */ = {isa = PBXBuildFile; fileRef = B6F374D525482AFC00A7A9F1 /* correct1.m4a */; };
		B6F3752625482AFD00A7A9F1 /* EL Q.m4a in Resources */ = {isa = PBXBuildFile; fileRef = B6F374D625482AFC00A7A9F1 /* EL Q.m4a */; };
		B6F3752725482AFD00A7A9F1 /* U.m4a in Resources */ = {isa = PBXBuildFile; fileRef = B6F374D725482AFC00A7A9F1 /* U.m4a */; };
		B6F3752825482AFD00A7A9F1 /* EL B.m4a in Resources */ = {isa = PBXBuildFile; fileRef = B6F374D825482AFC00A7A9F1 /* EL B.m4a */; };
		B6F3752925482AFD00A7A9F1 /* dog.m4a in Resources */ = {isa = PBXBuildFile; fileRef = B6F374D925482AFD00A7A9F1 /* dog.m4a */; };
		B6F3752A25482AFD00A7A9F1 /* Yo-yo.m4a in Resources */ = {isa = PBXBuildFile; fileRef = B6F374DA25482AFD00A7A9F1 /* Yo-yo.m4a */; };
		B6F3752B25482AFD00A7A9F1 /* nurse.m4a in Resources */ = {isa = PBXBuildFile; fileRef = B6F374DB25482AFD00A7A9F1 /* nurse.m4a */; };
		B6F3752C25482AFD00A7A9F1 /* Y.m4a in Resources */ = {isa = PBXBuildFile; fileRef = B6F374DC25482AFD00A7A9F1 /* Y.m4a */; };
		BF4CD1BD25419F01003ADE03 /* OpenDyslexic3-Bold.ttf in Resources */ = {isa = PBXBuildFile; fileRef = BF4CD1BC25419F01003ADE03 /* OpenDyslexic3-Bold.ttf */; };
		BF5251B525434C7100B4300A /* OpenDyslexic3-Regular.ttf in Resources */ = {isa = PBXBuildFile; fileRef = BF5251B425434C7100B4300A /* OpenDyslexic3-Regular.ttf */; };
		BFBD23212540627C00BD8965 /* SwiftUIView.swift in Sources */ = {isa = PBXBuildFile; fileRef = BFBD23202540627C00BD8965 /* SwiftUIView.swift */; };
/* End PBXBuildFile section */

/* Begin PBXFileReference section */
		69FEBFD625403C8F007824A6 /* Language4Fun.app */ = {isa = PBXFileReference; explicitFileType = wrapper.application; includeInIndex = 0; path = Language4Fun.app; sourceTree = BUILT_PRODUCTS_DIR; };
		69FEBFD925403C8F007824A6 /* Language4FunApp.swift */ = {isa = PBXFileReference; lastKnownFileType = sourcecode.swift; path = Language4FunApp.swift; sourceTree = "<group>"; };
		69FEBFDB25403C8F007824A6 /* ContentView.swift */ = {isa = PBXFileReference; lastKnownFileType = sourcecode.swift; path = ContentView.swift; sourceTree = "<group>"; };
		69FEBFDD25403C92007824A6 /* Assets.xcassets */ = {isa = PBXFileReference; lastKnownFileType = folder.assetcatalog; path = Assets.xcassets; sourceTree = "<group>"; };
		69FEBFE025403C92007824A6 /* Preview Assets.xcassets */ = {isa = PBXFileReference; lastKnownFileType = folder.assetcatalog; path = "Preview Assets.xcassets"; sourceTree = "<group>"; };
		69FEBFE225403C92007824A6 /* Info.plist */ = {isa = PBXFileReference; lastKnownFileType = text.plist.xml; path = Info.plist; sourceTree = "<group>"; };
		B66EF7E12546BD1100666467 /* Esercizio.swift */ = {isa = PBXFileReference; fileEncoding = 4; lastKnownFileType = sourcecode.swift; path = Esercizio.swift; sourceTree = "<group>"; };
		B66EF7E42546BD1C00666467 /* EsercizioCompleto.swift */ = {isa = PBXFileReference; fileEncoding = 4; lastKnownFileType = sourcecode.swift; path = EsercizioCompleto.swift; sourceTree = "<group>"; };
		B66EF7E72546BD2300666467 /* ExcersiseStruttura.swift */ = {isa = PBXFileReference; fileEncoding = 4; lastKnownFileType = sourcecode.swift; path = ExcersiseStruttura.swift; sourceTree = "<group>"; };
		B66EF7EA2546BD2A00666467 /* EsercizioStart.swift */ = {isa = PBXFileReference; fileEncoding = 4; lastKnownFileType = sourcecode.swift; path = EsercizioStart.swift; sourceTree = "<group>"; };
		B6A5D4E42541BA2D00F7F15B /* HomeView.swift */ = {isa = PBXFileReference; lastKnownFileType = sourcecode.swift; path = HomeView.swift; sourceTree = "<group>"; };
		B6A5D4E82541C12200F7F15B /* WorldView.swift */ = {isa = PBXFileReference; lastKnownFileType = sourcecode.swift; path = WorldView.swift; sourceTree = "<group>"; };
		B6A5D4EB2542FFE100F7F15B /* Level1View.swift */ = {isa = PBXFileReference; lastKnownFileType = sourcecode.swift; path = Level1View.swift; sourceTree = "<group>"; };
		B6F3747A2547592100A7A9F1 /* PlaySound.swift */ = {isa = PBXFileReference; lastKnownFileType = sourcecode.swift; path = PlaySound.swift; sourceTree = "<group>"; };
		B6F37485254821AB00A7A9F1 /* Dyspace theme.mp3 */ = {isa = PBXFileReference; lastKnownFileType = audio.mp3; path = "Dyspace theme.mp3"; sourceTree = "<group>"; };
		B6F3748D25482AF000A7A9F1 /* ghost.m4a */ = {isa = PBXFileReference; lastKnownFileType = file; path = ghost.m4a; sourceTree = "<group>"; };
		B6F3748E25482AF000A7A9F1 /* C.m4a */ = {isa = PBXFileReference; lastKnownFileType = file; path = C.m4a; sourceTree = "<group>"; };
		B6F3748F25482AF100A7A9F1 /* tap note.m4a */ = {isa = PBXFileReference; lastKnownFileType = file; path = "tap note.m4a"; sourceTree = "<group>"; };
		B6F3749025482AF100A7A9F1 /* EL m.m4a */ = {isa = PBXFileReference; lastKnownFileType = file; path = "EL m.m4a"; sourceTree = "<group>"; };
		B6F3749125482AF100A7A9F1 /* elephant.m4a */ = {isa = PBXFileReference; lastKnownFileType = file; path = elephant.m4a; sourceTree = "<group>"; };
		B6F3749225482AF100A7A9F1 /* EL C.m4a */ = {isa = PBXFileReference; lastKnownFileType = file; path = "EL C.m4a"; sourceTree = "<group>"; };
		B6F3749325482AF100A7A9F1 /* L.m4a */ = {isa = PBXFileReference; lastKnownFileType = file; path = L.m4a; sourceTree = "<group>"; };
		B6F3749425482AF100A7A9F1 /* jellyfish.m4a */ = {isa = PBXFileReference; lastKnownFileType = file; path = jellyfish.m4a; sourceTree = "<group>"; };
		B6F3749525482AF100A7A9F1 /* lion.m4a */ = {isa = PBXFileReference; lastKnownFileType = file; path = lion.m4a; sourceTree = "<group>"; };
		B6F3749625482AF200A7A9F1 /* EL D.m4a */ = {isa = PBXFileReference; lastKnownFileType = file; path = "EL D.m4a"; sourceTree = "<group>"; };
		B6F3749725482AF200A7A9F1 /* D.m4a */ = {isa = PBXFileReference; lastKnownFileType = file; path = D.m4a; sourceTree = "<group>"; };
		B6F3749825482AF200A7A9F1 /* seagull.m4a */ = {isa = PBXFileReference; lastKnownFileType = file; path = seagull.m4a; sourceTree = "<group>"; };
		B6F3749925482AF200A7A9F1 /* violin.m4a */ = {isa = PBXFileReference; lastKnownFileType = file; path = violin.m4a; sourceTree = "<group>"; };
		B6F3749A25482AF200A7A9F1 /* Helicopter .m4a */ = {isa = PBXFileReference; lastKnownFileType = file; path = "Helicopter .m4a"; sourceTree = "<group>"; };
		B6F3749B25482AF200A7A9F1 /* tree.m4a */ = {isa = PBXFileReference; lastKnownFileType = file; path = tree.m4a; sourceTree = "<group>"; };
		B6F3749C25482AF300A7A9F1 /* EL P.m4a */ = {isa = PBXFileReference; lastKnownFileType = file; path = "EL P.m4a"; sourceTree = "<group>"; };
		B6F3749D25482AF300A7A9F1 /* kite2.m4a */ = {isa = PBXFileReference; lastKnownFileType = file; path = kite2.m4a; sourceTree = "<group>"; };
		B6F3749E25482AF300A7A9F1 /* EL G.m4a */ = {isa = PBXFileReference; lastKnownFileType = file; path = "EL G.m4a"; sourceTree = "<group>"; };
		B6F3749F25482AF300A7A9F1 /* G.m4a */ = {isa = PBXFileReference; lastKnownFileType = file; path = G.m4a; sourceTree = "<group>"; };
		B6F374A025482AF300A7A9F1 /* queen.m4a */ = {isa = PBXFileReference; lastKnownFileType = file; path = queen.m4a; sourceTree = "<group>"; };
		B6F374A125482AF300A7A9F1 /* Z.m4a */ = {isa = PBXFileReference; lastKnownFileType = file; path = Z.m4a; sourceTree = "<group>"; };
		B6F374A225482AF300A7A9F1 /* EL N.m4a */ = {isa = PBXFileReference; lastKnownFileType = file; path = "EL N.m4a"; sourceTree = "<group>"; };
		B6F374A325482AF400A7A9F1 /* EL I.m4a */ = {isa = PBXFileReference; lastKnownFileType = file; path = "EL I.m4a"; sourceTree = "<group>"; };
		B6F374A425482AF400A7A9F1 /* orange.m4a */ = {isa = PBXFileReference; lastKnownFileType = file; path = orange.m4a; sourceTree = "<group>"; };
		B6F374A525482AF400A7A9F1 /* V.m4a */ = {isa = PBXFileReference; lastKnownFileType = file; path = V.m4a; sourceTree = "<group>"; };
		B6F374A625482AF400A7A9F1 /* correct3.m4a */ = {isa = PBXFileReference; lastKnownFileType = file; path = correct3.m4a; sourceTree = "<group>"; };
		B6F374A725482AF400A7A9F1 /* J.m4a */ = {isa = PBXFileReference; lastKnownFileType = file; path = J.m4a; sourceTree = "<group>"; };
		B6F374A825482AF400A7A9F1 /* EL O.m4a */ = {isa = PBXFileReference; lastKnownFileType = file; path = "EL O.m4a"; sourceTree = "<group>"; };
		B6F374A925482AF400A7A9F1 /* N.m4a */ = {isa = PBXFileReference; lastKnownFileType = file; path = N.m4a; sourceTree = "<group>"; };
		B6F374AA25482AF500A7A9F1 /* Neptune.m4a */ = {isa = PBXFileReference; lastKnownFileType = file; path = Neptune.m4a; sourceTree = "<group>"; };
		B6F374AB25482AF500A7A9F1 /* Story.m4a */ = {isa = PBXFileReference; lastKnownFileType = file; path = Story.m4a; sourceTree = "<group>"; };
		B6F374AC25482AF500A7A9F1 /* EL K2.m4a */ = {isa = PBXFileReference; lastKnownFileType = file; path = "EL K2.m4a"; sourceTree = "<group>"; };
		B6F374AD25482AF500A7A9F1 /* k.m4a */ = {isa = PBXFileReference; lastKnownFileType = file; path = k.m4a; sourceTree = "<group>"; };
		B6F374AE25482AF500A7A9F1 /* T.m4a */ = {isa = PBXFileReference; lastKnownFileType = file; path = T.m4a; sourceTree = "<group>"; };
		B6F374AF25482AF500A7A9F1 /* uranus.m4a */ = {isa = PBXFileReference; lastKnownFileType = file; path = uranus.m4a; sourceTree = "<group>"; };
		B6F374B025482AF600A7A9F1 /* panda.m4a */ = {isa = PBXFileReference; lastKnownFileType = file; path = panda.m4a; sourceTree = "<group>"; };
		B6F374B125482AF600A7A9F1 /* EL H.m4a */ = {isa = PBXFileReference; lastKnownFileType = file; path = "EL H.m4a"; sourceTree = "<group>"; };
		B6F374B225482AF600A7A9F1 /* apple.m4a */ = {isa = PBXFileReference; lastKnownFileType = file; path = apple.m4a; sourceTree = "<group>"; };
		B6F374B325482AF600A7A9F1 /* radio.m4a */ = {isa = PBXFileReference; lastKnownFileType = file; path = radio.m4a; sourceTree = "<group>"; };
		B6F374B425482AF600A7A9F1 /* Q.m4a */ = {isa = PBXFileReference; lastKnownFileType = file; path = Q.m4a; sourceTree = "<group>"; };
		B6F374B525482AF600A7A9F1 /* Pluto.m4a */ = {isa = PBXFileReference; lastKnownFileType = file; path = Pluto.m4a; sourceTree = "<group>"; };
		B6F374B625482AF600A7A9F1 /* EL L.m4a */ = {isa = PBXFileReference; lastKnownFileType = file; path = "EL L.m4a"; sourceTree = "<group>"; };
		B6F374B725482AF700A7A9F1 /* flower.m4a */ = {isa = PBXFileReference; lastKnownFileType = file; path = flower.m4a; sourceTree = "<group>"; };
		B6F374B825482AF700A7A9F1 /* B.m4a */ = {isa = PBXFileReference; lastKnownFileType = file; path = B.m4a; sourceTree = "<group>"; };
		B6F374B925482AF700A7A9F1 /* EL J.m4a */ = {isa = PBXFileReference; lastKnownFileType = file; path = "EL J.m4a"; sourceTree = "<group>"; };
		B6F374BA25482AF700A7A9F1 /* cat.m4a */ = {isa = PBXFileReference; lastKnownFileType = file; path = cat.m4a; sourceTree = "<group>"; };
		B6F374BB25482AF700A7A9F1 /* EL S.m4a */ = {isa = PBXFileReference; lastKnownFileType = file; path = "EL S.m4a"; sourceTree = "<group>"; };
		B6F374BC25482AF700A7A9F1 /* H.m4a */ = {isa = PBXFileReference; lastKnownFileType = file; path = H.m4a; sourceTree = "<group>"; };
		B6F374BD25482AF800A7A9F1 /* EL Z.m4a */ = {isa = PBXFileReference; lastKnownFileType = file; path = "EL Z.m4a"; sourceTree = "<group>"; };
		B6F374BE25482AF800A7A9F1 /* E.m4a */ = {isa = PBXFileReference; lastKnownFileType = file; path = E.m4a; sourceTree = "<group>"; };
		B6F374BF25482AF800A7A9F1 /* P.m4a */ = {isa = PBXFileReference; lastKnownFileType = file; path = P.m4a; sourceTree = "<group>"; };
		B6F374C025482AF800A7A9F1 /* Ice-cream.m4a */ = {isa = PBXFileReference; lastKnownFileType = file; path = "Ice-cream.m4a"; sourceTree = "<group>"; };
		B6F374C125482AF800A7A9F1 /* R.m4a */ = {isa = PBXFileReference; lastKnownFileType = file; path = R.m4a; sourceTree = "<group>"; };
		B6F374C225482AF800A7A9F1 /* X.m4a */ = {isa = PBXFileReference; lastKnownFileType = file; path = X.m4a; sourceTree = "<group>"; };
		B6F374C325482AF900A7A9F1 /* F.m4a */ = {isa = PBXFileReference; lastKnownFileType = file; path = F.m4a; sourceTree = "<group>"; };
		B6F374C425482AF900A7A9F1 /* EL K.m4a */ = {isa = PBXFileReference; lastKnownFileType = file; path = "EL K.m4a"; sourceTree = "<group>"; };
		B6F374C525482AF900A7A9F1 /* EL Y.m4a */ = {isa = PBXFileReference; lastKnownFileType = file; path = "EL Y.m4a"; sourceTree = "<group>"; };
		B6F374C625482AF900A7A9F1 /* EL V.m4a */ = {isa = PBXFileReference; lastKnownFileType = file; path = "EL V.m4a"; sourceTree = "<group>"; };
		B6F374C725482AF900A7A9F1 /* S.m4a */ = {isa = PBXFileReference; lastKnownFileType = file; path = S.m4a; sourceTree = "<group>"; };
		B6F374C825482AFA00A7A9F1 /* Umbrella .m4a */ = {isa = PBXFileReference; lastKnownFileType = file; path = "Umbrella .m4a"; sourceTree = "<group>"; };
		B6F374C925482AFA00A7A9F1 /* EL R.m4a */ = {isa = PBXFileReference; lastKnownFileType = file; path = "EL R.m4a"; sourceTree = "<group>"; };
		B6F374CA25482AFA00A7A9F1 /* EL E.m4a */ = {isa = PBXFileReference; lastKnownFileType = file; path = "EL E.m4a"; sourceTree = "<group>"; };
		B6F374CB25482AFA00A7A9F1 /* I.m4a */ = {isa = PBXFileReference; lastKnownFileType = file; path = I.m4a; sourceTree = "<group>"; };
		B6F374CC25482AFA00A7A9F1 /* A.m4a */ = {isa = PBXFileReference; lastKnownFileType = file; path = A.m4a; sourceTree = "<group>"; };
		B6F374CD25482AFA00A7A9F1 /* EL T.m4a */ = {isa = PBXFileReference; lastKnownFileType = file; path = "EL T.m4a"; sourceTree = "<group>"; };
		B6F374CE25482AFB00A7A9F1 /* EL W.m4a */ = {isa = PBXFileReference; lastKnownFileType = file; path = "EL W.m4a"; sourceTree = "<group>"; };
		B6F374CF25482AFB00A7A9F1 /* EL A.m4a */ = {isa = PBXFileReference; lastKnownFileType = file; path = "EL A.m4a"; sourceTree = "<group>"; };
		B6F374D025482AFB00A7A9F1 /* EL F.m4a */ = {isa = PBXFileReference; lastKnownFileType = file; path = "EL F.m4a"; sourceTree = "<group>"; };
		B6F374D125482AFB00A7A9F1 /* bee.m4a */ = {isa = PBXFileReference; lastKnownFileType = file; path = bee.m4a; sourceTree = "<group>"; };
		B6F374D225482AFB00A7A9F1 /* watch.m4a */ = {isa = PBXFileReference; lastKnownFileType = file; path = watch.m4a; sourceTree = "<group>"; };
		B6F374D325482AFC00A7A9F1 /* moon.m4a */ = {isa = PBXFileReference; lastKnownFileType = file; path = moon.m4a; sourceTree = "<group>"; };
		B6F374D425482AFC00A7A9F1 /* EL X.m4a */ = {isa = PBXFileReference; lastKnownFileType = file; path = "EL X.m4a"; sourceTree = "<group>"; };
		B6F374D525482AFC00A7A9F1 /* correct1.m4a */ = {isa = PBXFileReference; lastKnownFileType = file; path = correct1.m4a; sourceTree = "<group>"; };
		B6F374D625482AFC00A7A9F1 /* EL Q.m4a */ = {isa = PBXFileReference; lastKnownFileType = file; path = "EL Q.m4a"; sourceTree = "<group>"; };
		B6F374D725482AFC00A7A9F1 /* U.m4a */ = {isa = PBXFileReference; lastKnownFileType = file; path = U.m4a; sourceTree = "<group>"; };
		B6F374D825482AFC00A7A9F1 /* EL B.m4a */ = {isa = PBXFileReference; lastKnownFileType = file; path = "EL B.m4a"; sourceTree = "<group>"; };
		B6F374D925482AFD00A7A9F1 /* dog.m4a */ = {isa = PBXFileReference; lastKnownFileType = file; path = dog.m4a; sourceTree = "<group>"; };
		B6F374DA25482AFD00A7A9F1 /* Yo-yo.m4a */ = {isa = PBXFileReference; lastKnownFileType = file; path = "Yo-yo.m4a"; sourceTree = "<group>"; };
		B6F374DB25482AFD00A7A9F1 /* nurse.m4a */ = {isa = PBXFileReference; lastKnownFileType = file; path = nurse.m4a; sourceTree = "<group>"; };
		B6F374DC25482AFD00A7A9F1 /* Y.m4a */ = {isa = PBXFileReference; lastKnownFileType = file; path = Y.m4a; sourceTree = "<group>"; };
		BF4CD1BC25419F01003ADE03 /* OpenDyslexic3-Bold.ttf */ = {isa = PBXFileReference; lastKnownFileType = file; path = "OpenDyslexic3-Bold.ttf"; sourceTree = "<group>"; };
		BF5251B425434C7100B4300A /* OpenDyslexic3-Regular.ttf */ = {isa = PBXFileReference; lastKnownFileType = file; path = "OpenDyslexic3-Regular.ttf"; sourceTree = "<group>"; };
		BFBD23202540627C00BD8965 /* SwiftUIView.swift */ = {isa = PBXFileReference; lastKnownFileType = sourcecode.swift; path = SwiftUIView.swift; sourceTree = "<group>"; };
/* End PBXFileReference section */

/* Begin PBXFrameworksBuildPhase section */
		69FEBFD325403C8F007824A6 /* Frameworks */ = {
			isa = PBXFrameworksBuildPhase;
			buildActionMask = 2147483647;
			files = (
			);
			runOnlyForDeploymentPostprocessing = 0;
		};
/* End PBXFrameworksBuildPhase section */

/* Begin PBXGroup section */
		69FEBFCD25403C8F007824A6 = {
			isa = PBXGroup;
			children = (
				B66EF7DD2545860500666467 /* Models */,
				BF4CD1BA25419D99003ADE03 /* fonts */,
				69FEBFD825403C8F007824A6 /* Language4Fun */,
				69FEBFD725403C8F007824A6 /* Products */,
			);
			sourceTree = "<group>";
		};
		69FEBFD725403C8F007824A6 /* Products */ = {
			isa = PBXGroup;
			children = (
				69FEBFD625403C8F007824A6 /* Language4Fun.app */,
			);
			name = Products;
			sourceTree = "<group>";
		};
		69FEBFD825403C8F007824A6 /* Language4Fun */ = {
			isa = PBXGroup;
			children = (
				B6F374802548213600A7A9F1 /* Sounds */,
				69FEBFD925403C8F007824A6 /* Language4FunApp.swift */,
				69FEBFDB25403C8F007824A6 /* ContentView.swift */,
				BFBD23202540627C00BD8965 /* SwiftUIView.swift */,
				B6A5D4E42541BA2D00F7F15B /* HomeView.swift */,
				B66EF7E12546BD1100666467 /* Esercizio.swift */,
				B66EF7E72546BD2300666467 /* ExcersiseStruttura.swift */,
				B6F3747A2547592100A7A9F1 /* PlaySound.swift */,
				B6A5D4E82541C12200F7F15B /* WorldView.swift */,
				B6A5D4EB2542FFE100F7F15B /* Level1View.swift */,
				B66EF7EA2546BD2A00666467 /* EsercizioStart.swift */,
				B66EF7E42546BD1C00666467 /* EsercizioCompleto.swift */,
				69FEBFDD25403C92007824A6 /* Assets.xcassets */,
				69FEBFE225403C92007824A6 /* Info.plist */,
				69FEBFDF25403C92007824A6 /* Preview Content */,
			);
			path = Language4Fun;
			sourceTree = "<group>";
		};
		69FEBFDF25403C92007824A6 /* Preview Content */ = {
			isa = PBXGroup;
			children = (
				69FEBFE025403C92007824A6 /* Preview Assets.xcassets */,
			);
			path = "Preview Content";
			sourceTree = "<group>";
		};
		B66EF7DD2545860500666467 /* Models */ = {
			isa = PBXGroup;
			children = (
			);
			path = Models;
			sourceTree = "<group>";
		};
		B6F374802548213600A7A9F1 /* Sounds */ = {
			isa = PBXGroup;
			children = (
				B6F374B225482AF600A7A9F1 /* apple.m4a */,
				B6F374CC25482AFA00A7A9F1 /* A.m4a */,
				B6F374B825482AF700A7A9F1 /* B.m4a */,
				B6F374D125482AFB00A7A9F1 /* bee.m4a */,
				B6F3748E25482AF000A7A9F1 /* C.m4a */,
				B6F374BA25482AF700A7A9F1 /* cat.m4a */,
				B6F374D525482AFC00A7A9F1 /* correct1.m4a */,
				B6F374A625482AF400A7A9F1 /* correct3.m4a */,
				B6F3749725482AF200A7A9F1 /* D.m4a */,
				B6F374D925482AFD00A7A9F1 /* dog.m4a */,
				B6F374BE25482AF800A7A9F1 /* E.m4a */,
				B6F374CF25482AFB00A7A9F1 /* EL A.m4a */,
				B6F374D825482AFC00A7A9F1 /* EL B.m4a */,
				B6F3749225482AF100A7A9F1 /* EL C.m4a */,
				B6F3749625482AF200A7A9F1 /* EL D.m4a */,
				B6F374CA25482AFA00A7A9F1 /* EL E.m4a */,
				B6F374D025482AFB00A7A9F1 /* EL F.m4a */,
				B6F3749E25482AF300A7A9F1 /* EL G.m4a */,
				B6F374B125482AF600A7A9F1 /* EL H.m4a */,
				B6F374A325482AF400A7A9F1 /* EL I.m4a */,
				B6F374B925482AF700A7A9F1 /* EL J.m4a */,
				B6F374C425482AF900A7A9F1 /* EL K.m4a */,
				B6F374AC25482AF500A7A9F1 /* EL K2.m4a */,
				B6F374B625482AF600A7A9F1 /* EL L.m4a */,
				B6F3749025482AF100A7A9F1 /* EL m.m4a */,
				B6F374A225482AF300A7A9F1 /* EL N.m4a */,
				B6F374A825482AF400A7A9F1 /* EL O.m4a */,
				B6F3749C25482AF300A7A9F1 /* EL P.m4a */,
				B6F374D625482AFC00A7A9F1 /* EL Q.m4a */,
				B6F374C925482AFA00A7A9F1 /* EL R.m4a */,
				B6F374BB25482AF700A7A9F1 /* EL S.m4a */,
				B6F374CD25482AFA00A7A9F1 /* EL T.m4a */,
				B6F374C625482AF900A7A9F1 /* EL V.m4a */,
				B6F374CE25482AFB00A7A9F1 /* EL W.m4a */,
				B6F374D425482AFC00A7A9F1 /* EL X.m4a */,
				B6F374C525482AF900A7A9F1 /* EL Y.m4a */,
				B6F374BD25482AF800A7A9F1 /* EL Z.m4a */,
				B6F3749125482AF100A7A9F1 /* elephant.m4a */,
				B6F374C325482AF900A7A9F1 /* F.m4a */,
				B6F374B725482AF700A7A9F1 /* flower.m4a */,
				B6F3749F25482AF300A7A9F1 /* G.m4a */,
				B6F3748D25482AF000A7A9F1 /* ghost.m4a */,
				B6F374BC25482AF700A7A9F1 /* H.m4a */,
				B6F3749A25482AF200A7A9F1 /* Helicopter .m4a */,
				B6F374CB25482AFA00A7A9F1 /* I.m4a */,
				B6F374C025482AF800A7A9F1 /* Ice-cream.m4a */,
				B6F374A725482AF400A7A9F1 /* J.m4a */,
				B6F3749425482AF100A7A9F1 /* jellyfish.m4a */,
				B6F374AD25482AF500A7A9F1 /* k.m4a */,
				B6F3749D25482AF300A7A9F1 /* kite2.m4a */,
				B6F3749325482AF100A7A9F1 /* L.m4a */,
				B6F3749525482AF100A7A9F1 /* lion.m4a */,
				B6F374D325482AFC00A7A9F1 /* moon.m4a */,
				B6F374A925482AF400A7A9F1 /* N.m4a */,
				B6F374AA25482AF500A7A9F1 /* Neptune.m4a */,
				B6F374DB25482AFD00A7A9F1 /* nurse.m4a */,
				B6F374A425482AF400A7A9F1 /* orange.m4a */,
				B6F374BF25482AF800A7A9F1 /* P.m4a */,
				B6F374B025482AF600A7A9F1 /* panda.m4a */,
				B6F374B525482AF600A7A9F1 /* Pluto.m4a */,
				B6F374B425482AF600A7A9F1 /* Q.m4a */,
				B6F374A025482AF300A7A9F1 /* queen.m4a */,
				B6F374C125482AF800A7A9F1 /* R.m4a */,
				B6F374B325482AF600A7A9F1 /* radio.m4a */,
				B6F374C725482AF900A7A9F1 /* S.m4a */,
				B6F3749825482AF200A7A9F1 /* seagull.m4a */,
				B6F374AB25482AF500A7A9F1 /* Story.m4a */,
				B6F374AE25482AF500A7A9F1 /* T.m4a */,
				B6F3748F25482AF100A7A9F1 /* tap note.m4a */,
				B6F3749B25482AF200A7A9F1 /* tree.m4a */,
				B6F374D725482AFC00A7A9F1 /* U.m4a */,
				B6F374C825482AFA00A7A9F1 /* Umbrella .m4a */,
				B6F374AF25482AF500A7A9F1 /* uranus.m4a */,
				B6F374A525482AF400A7A9F1 /* V.m4a */,
				B6F3749925482AF200A7A9F1 /* violin.m4a */,
				B6F374D225482AFB00A7A9F1 /* watch.m4a */,
				B6F374C225482AF800A7A9F1 /* X.m4a */,
				B6F374DC25482AFD00A7A9F1 /* Y.m4a */,
				B6F374DA25482AFD00A7A9F1 /* Yo-yo.m4a */,
				B6F374A125482AF300A7A9F1 /* Z.m4a */,
				B6F37485254821AB00A7A9F1 /* Dyspace theme.mp3 */,
			);
			path = Sounds;
			sourceTree = "<group>";
		};
		BF4CD1BA25419D99003ADE03 /* fonts */ = {
			isa = PBXGroup;
			children = (
				BF4CD1BC25419F01003ADE03 /* OpenDyslexic3-Bold.ttf */,
				BF5251B425434C7100B4300A /* OpenDyslexic3-Regular.ttf */,
			);
			path = fonts;
			sourceTree = "<group>";
		};
/* End PBXGroup section */

/* Begin PBXNativeTarget section */
		69FEBFD525403C8F007824A6 /* Language4Fun */ = {
			isa = PBXNativeTarget;
			buildConfigurationList = 69FEBFE525403C92007824A6 /* Build configuration list for PBXNativeTarget "Language4Fun" */;
			buildPhases = (
				69FEBFD225403C8F007824A6 /* Sources */,
				69FEBFD325403C8F007824A6 /* Frameworks */,
				69FEBFD425403C8F007824A6 /* Resources */,
			);
			buildRules = (
			);
			dependencies = (
			);
			name = Language4Fun;
			productName = Language4Fun;
			productReference = 69FEBFD625403C8F007824A6 /* Language4Fun.app */;
			productType = "com.apple.product-type.application";
		};
/* End PBXNativeTarget section */

/* Begin PBXProject section */
		69FEBFCE25403C8F007824A6 /* Project object */ = {
			isa = PBXProject;
			attributes = {
				LastSwiftUpdateCheck = 1200;
				LastUpgradeCheck = 1200;
				TargetAttributes = {
					69FEBFD525403C8F007824A6 = {
						CreatedOnToolsVersion = 12.0.1;
					};
				};
			};
			buildConfigurationList = 69FEBFD125403C8F007824A6 /* Build configuration list for PBXProject "Language4Fun" */;
			compatibilityVersion = "Xcode 9.3";
			developmentRegion = en;
			hasScannedForEncodings = 0;
			knownRegions = (
				en,
				Base,
			);
			mainGroup = 69FEBFCD25403C8F007824A6;
			productRefGroup = 69FEBFD725403C8F007824A6 /* Products */;
			projectDirPath = "";
			projectRoot = "";
			targets = (
				69FEBFD525403C8F007824A6 /* Language4Fun */,
			);
		};
/* End PBXProject section */

/* Begin PBXResourcesBuildPhase section */
		69FEBFD425403C8F007824A6 /* Resources */ = {
			isa = PBXResourcesBuildPhase;
			buildActionMask = 2147483647;
			files = (
				B6F3750A25482AFD00A7A9F1 /* cat.m4a in Resources */,
				B6F374FD25482AFD00A7A9F1 /* k.m4a in Resources */,
				B6F3752225482AFD00A7A9F1 /* watch.m4a in Resources */,
				B6F374EE25482AFD00A7A9F1 /* EL G.m4a in Resources */,
				69FEBFE125403C92007824A6 /* Preview Assets.xcassets in Resources */,
				B6F3751525482AFD00A7A9F1 /* EL Y.m4a in Resources */,
				B6F37486254821AB00A7A9F1 /* Dyspace theme.mp3 in Resources */,
				B6F3751B25482AFD00A7A9F1 /* I.m4a in Resources */,
				B6F374F525482AFD00A7A9F1 /* V.m4a in Resources */,
				B6F374ED25482AFD00A7A9F1 /* kite2.m4a in Resources */,
				B6F3752725482AFD00A7A9F1 /* U.m4a in Resources */,
				B6F3751725482AFD00A7A9F1 /* S.m4a in Resources */,
				B6F374E425482AFD00A7A9F1 /* jellyfish.m4a in Resources */,
				B6F374EA25482AFD00A7A9F1 /* Helicopter .m4a in Resources */,
				B6F374E225482AFD00A7A9F1 /* EL C.m4a in Resources */,
				B6F3750925482AFD00A7A9F1 /* EL J.m4a in Resources */,
				B6F374F425482AFD00A7A9F1 /* orange.m4a in Resources */,
				B6F374F125482AFD00A7A9F1 /* Z.m4a in Resources */,
				B6F3752B25482AFD00A7A9F1 /* nurse.m4a in Resources */,
				B6F3750525482AFD00A7A9F1 /* Pluto.m4a in Resources */,
				B6F374FC25482AFD00A7A9F1 /* EL K2.m4a in Resources */,
				B6F3751325482AFD00A7A9F1 /* F.m4a in Resources */,
				B6F3752C25482AFD00A7A9F1 /* Y.m4a in Resources */,
				BF4CD1BD25419F01003ADE03 /* OpenDyslexic3-Bold.ttf in Resources */,
				B6F3751E25482AFD00A7A9F1 /* EL W.m4a in Resources */,
				B6F3752925482AFD00A7A9F1 /* dog.m4a in Resources */,
				B6F3752125482AFD00A7A9F1 /* bee.m4a in Resources */,
				B6F374F925482AFD00A7A9F1 /* N.m4a in Resources */,
				B6F374E125482AFD00A7A9F1 /* elephant.m4a in Resources */,
				B6F3752625482AFD00A7A9F1 /* EL Q.m4a in Resources */,
				B6F3752525482AFD00A7A9F1 /* correct1.m4a in Resources */,
				B6F3752325482AFD00A7A9F1 /* moon.m4a in Resources */,
				BF5251B525434C7100B4300A /* OpenDyslexic3-Regular.ttf in Resources */,
				B6F374FF25482AFD00A7A9F1 /* uranus.m4a in Resources */,
				B6F3750C25482AFD00A7A9F1 /* H.m4a in Resources */,
				B6F374FA25482AFD00A7A9F1 /* Neptune.m4a in Resources */,
				B6F3751025482AFD00A7A9F1 /* Ice-cream.m4a in Resources */,
				B6F3750E25482AFD00A7A9F1 /* E.m4a in Resources */,
				B6F3750425482AFD00A7A9F1 /* Q.m4a in Resources */,
				B6F374EB25482AFD00A7A9F1 /* tree.m4a in Resources */,
				B6F374E925482AFD00A7A9F1 /* violin.m4a in Resources */,
				B6F374EF25482AFD00A7A9F1 /* G.m4a in Resources */,
				B6F3751825482AFD00A7A9F1 /* Umbrella .m4a in Resources */,
				B6F3751C25482AFD00A7A9F1 /* A.m4a in Resources */,
				B6F374DE25482AFD00A7A9F1 /* C.m4a in Resources */,
				B6F374EC25482AFD00A7A9F1 /* EL P.m4a in Resources */,
				B6F3750F25482AFD00A7A9F1 /* P.m4a in Resources */,
				B6F374E825482AFD00A7A9F1 /* seagull.m4a in Resources */,
				B6F374E525482AFD00A7A9F1 /* lion.m4a in Resources */,
				B6F3751625482AFD00A7A9F1 /* EL V.m4a in Resources */,
				B6F374FE25482AFD00A7A9F1 /* T.m4a in Resources */,
				B6F3751A25482AFD00A7A9F1 /* EL E.m4a in Resources */,
				B6F374F825482AFD00A7A9F1 /* EL O.m4a in Resources */,
				B6F3751225482AFD00A7A9F1 /* X.m4a in Resources */,
				B6F3752A25482AFD00A7A9F1 /* Yo-yo.m4a in Resources */,
				B6F3751925482AFD00A7A9F1 /* EL R.m4a in Resources */,
				B6F3750025482AFD00A7A9F1 /* panda.m4a in Resources */,
				B6F3752825482AFD00A7A9F1 /* EL B.m4a in Resources */,
				B6F3752425482AFD00A7A9F1 /* EL X.m4a in Resources */,
				B6F374F325482AFD00A7A9F1 /* EL I.m4a in Resources */,
				B6F374E725482AFD00A7A9F1 /* D.m4a in Resources */,
				B6F374F025482AFD00A7A9F1 /* queen.m4a in Resources */,
				B6F374FB25482AFD00A7A9F1 /* Story.m4a in Resources */,
				B6F3750325482AFD00A7A9F1 /* radio.m4a in Resources */,
				B6F3752025482AFD00A7A9F1 /* EL F.m4a in Resources */,
				B6F374DD25482AFD00A7A9F1 /* ghost.m4a in Resources */,
				69FEBFDE25403C92007824A6 /* Assets.xcassets in Resources */,
				B6F374E325482AFD00A7A9F1 /* L.m4a in Resources */,
				B6F3750125482AFD00A7A9F1 /* EL H.m4a in Resources */,
				B6F3751125482AFD00A7A9F1 /* R.m4a in Resources */,
				B6F374DF25482AFD00A7A9F1 /* tap note.m4a in Resources */,
				B6F374E025482AFD00A7A9F1 /* EL m.m4a in Resources */,
				B6F3751F25482AFD00A7A9F1 /* EL A.m4a in Resources */,
				B6F3751425482AFD00A7A9F1 /* EL K.m4a in Resources */,
				B6F3750725482AFD00A7A9F1 /* flower.m4a in Resources */,
				B6F374E625482AFD00A7A9F1 /* EL D.m4a in Resources */,
				B6F3750825482AFD00A7A9F1 /* B.m4a in Resources */,
				B6F374F225482AFD00A7A9F1 /* EL N.m4a in Resources */,
				B6F3750225482AFD00A7A9F1 /* apple.m4a in Resources */,
				B6F3750B25482AFD00A7A9F1 /* EL S.m4a in Resources */,
				B6F374F625482AFD00A7A9F1 /* correct3.m4a in Resources */,
				B6F3750625482AFD00A7A9F1 /* EL L.m4a in Resources */,
				B6F374F725482AFD00A7A9F1 /* J.m4a in Resources */,
				B6F3750D25482AFD00A7A9F1 /* EL Z.m4a in Resources */,
				B6F3751D25482AFD00A7A9F1 /* EL T.m4a in Resources */,
			);
			runOnlyForDeploymentPostprocessing = 0;
		};
/* End PBXResourcesBuildPhase section */

/* Begin PBXSourcesBuildPhase section */
		69FEBFD225403C8F007824A6 /* Sources */ = {
			isa = PBXSourcesBuildPhase;
			buildActionMask = 2147483647;
			files = (
				69FEBFDC25403C8F007824A6 /* ContentView.swift in Sources */,
				B66EF7E22546BD1100666467 /* Esercizio.swift in Sources */,
				B66EF7EB2546BD2A00666467 /* EsercizioStart.swift in Sources */,
				B6A5D4E52541BA2D00F7F15B /* HomeView.swift in Sources */,
				B6F3747B2547592100A7A9F1 /* PlaySound.swift in Sources */,
				B6A5D4E92541C12200F7F15B /* WorldView.swift in Sources */,
				B66EF7E52546BD1C00666467 /* EsercizioCompleto.swift in Sources */,
				B66EF7E82546BD2300666467 /* ExcersiseStruttura.swift in Sources */,
				B6A5D4EC2542FFE100F7F15B /* Level1View.swift in Sources */,
				69FEBFDA25403C8F007824A6 /* Language4FunApp.swift in Sources */,
				BFBD23212540627C00BD8965 /* SwiftUIView.swift in Sources */,
			);
			runOnlyForDeploymentPostprocessing = 0;
		};
/* End PBXSourcesBuildPhase section */

/* Begin XCBuildConfiguration section */
		69FEBFE325403C92007824A6 /* Debug */ = {
			isa = XCBuildConfiguration;
			buildSettings = {
				ALWAYS_SEARCH_USER_PATHS = NO;
				CLANG_ANALYZER_NONNULL = YES;
				CLANG_ANALYZER_NUMBER_OBJECT_CONVERSION = YES_AGGRESSIVE;
				CLANG_CXX_LANGUAGE_STANDARD = "gnu++14";
				CLANG_CXX_LIBRARY = "libc++";
				CLANG_ENABLE_MODULES = YES;
				CLANG_ENABLE_OBJC_ARC = YES;
				CLANG_ENABLE_OBJC_WEAK = YES;
				CLANG_WARN_BLOCK_CAPTURE_AUTORELEASING = YES;
				CLANG_WARN_BOOL_CONVERSION = YES;
				CLANG_WARN_COMMA = YES;
				CLANG_WARN_CONSTANT_CONVERSION = YES;
				CLANG_WARN_DEPRECATED_OBJC_IMPLEMENTATIONS = YES;
				CLANG_WARN_DIRECT_OBJC_ISA_USAGE = YES_ERROR;
				CLANG_WARN_DOCUMENTATION_COMMENTS = YES;
				CLANG_WARN_EMPTY_BODY = YES;
				CLANG_WARN_ENUM_CONVERSION = YES;
				CLANG_WARN_INFINITE_RECURSION = YES;
				CLANG_WARN_INT_CONVERSION = YES;
				CLANG_WARN_NON_LITERAL_NULL_CONVERSION = YES;
				CLANG_WARN_OBJC_IMPLICIT_RETAIN_SELF = YES;
				CLANG_WARN_OBJC_LITERAL_CONVERSION = YES;
				CLANG_WARN_OBJC_ROOT_CLASS = YES_ERROR;
				CLANG_WARN_QUOTED_INCLUDE_IN_FRAMEWORK_HEADER = YES;
				CLANG_WARN_RANGE_LOOP_ANALYSIS = YES;
				CLANG_WARN_STRICT_PROTOTYPES = YES;
				CLANG_WARN_SUSPICIOUS_MOVE = YES;
				CLANG_WARN_UNGUARDED_AVAILABILITY = YES_AGGRESSIVE;
				CLANG_WARN_UNREACHABLE_CODE = YES;
				CLANG_WARN__DUPLICATE_METHOD_MATCH = YES;
				COPY_PHASE_STRIP = NO;
				DEBUG_INFORMATION_FORMAT = dwarf;
				ENABLE_STRICT_OBJC_MSGSEND = YES;
				ENABLE_TESTABILITY = YES;
				GCC_C_LANGUAGE_STANDARD = gnu11;
				GCC_DYNAMIC_NO_PIC = NO;
				GCC_NO_COMMON_BLOCKS = YES;
				GCC_OPTIMIZATION_LEVEL = 0;
				GCC_PREPROCESSOR_DEFINITIONS = (
					"DEBUG=1",
					"$(inherited)",
				);
				GCC_WARN_64_TO_32_BIT_CONVERSION = YES;
				GCC_WARN_ABOUT_RETURN_TYPE = YES_ERROR;
				GCC_WARN_UNDECLARED_SELECTOR = YES;
				GCC_WARN_UNINITIALIZED_AUTOS = YES_AGGRESSIVE;
				GCC_WARN_UNUSED_FUNCTION = YES;
				GCC_WARN_UNUSED_VARIABLE = YES;
				IPHONEOS_DEPLOYMENT_TARGET = 14.0;
				MTL_ENABLE_DEBUG_INFO = INCLUDE_SOURCE;
				MTL_FAST_MATH = YES;
				ONLY_ACTIVE_ARCH = YES;
				SDKROOT = iphoneos;
				SWIFT_ACTIVE_COMPILATION_CONDITIONS = DEBUG;
				SWIFT_OPTIMIZATION_LEVEL = "-Onone";
			};
			name = Debug;
		};
		69FEBFE425403C92007824A6 /* Release */ = {
			isa = XCBuildConfiguration;
			buildSettings = {
				ALWAYS_SEARCH_USER_PATHS = NO;
				CLANG_ANALYZER_NONNULL = YES;
				CLANG_ANALYZER_NUMBER_OBJECT_CONVERSION = YES_AGGRESSIVE;
				CLANG_CXX_LANGUAGE_STANDARD = "gnu++14";
				CLANG_CXX_LIBRARY = "libc++";
				CLANG_ENABLE_MODULES = YES;
				CLANG_ENABLE_OBJC_ARC = YES;
				CLANG_ENABLE_OBJC_WEAK = YES;
				CLANG_WARN_BLOCK_CAPTURE_AUTORELEASING = YES;
				CLANG_WARN_BOOL_CONVERSION = YES;
				CLANG_WARN_COMMA = YES;
				CLANG_WARN_CONSTANT_CONVERSION = YES;
				CLANG_WARN_DEPRECATED_OBJC_IMPLEMENTATIONS = YES;
				CLANG_WARN_DIRECT_OBJC_ISA_USAGE = YES_ERROR;
				CLANG_WARN_DOCUMENTATION_COMMENTS = YES;
				CLANG_WARN_EMPTY_BODY = YES;
				CLANG_WARN_ENUM_CONVERSION = YES;
				CLANG_WARN_INFINITE_RECURSION = YES;
				CLANG_WARN_INT_CONVERSION = YES;
				CLANG_WARN_NON_LITERAL_NULL_CONVERSION = YES;
				CLANG_WARN_OBJC_IMPLICIT_RETAIN_SELF = YES;
				CLANG_WARN_OBJC_LITERAL_CONVERSION = YES;
				CLANG_WARN_OBJC_ROOT_CLASS = YES_ERROR;
				CLANG_WARN_QUOTED_INCLUDE_IN_FRAMEWORK_HEADER = YES;
				CLANG_WARN_RANGE_LOOP_ANALYSIS = YES;
				CLANG_WARN_STRICT_PROTOTYPES = YES;
				CLANG_WARN_SUSPICIOUS_MOVE = YES;
				CLANG_WARN_UNGUARDED_AVAILABILITY = YES_AGGRESSIVE;
				CLANG_WARN_UNREACHABLE_CODE = YES;
				CLANG_WARN__DUPLICATE_METHOD_MATCH = YES;
				COPY_PHASE_STRIP = NO;
				DEBUG_INFORMATION_FORMAT = "dwarf-with-dsym";
				ENABLE_NS_ASSERTIONS = NO;
				ENABLE_STRICT_OBJC_MSGSEND = YES;
				GCC_C_LANGUAGE_STANDARD = gnu11;
				GCC_NO_COMMON_BLOCKS = YES;
				GCC_WARN_64_TO_32_BIT_CONVERSION = YES;
				GCC_WARN_ABOUT_RETURN_TYPE = YES_ERROR;
				GCC_WARN_UNDECLARED_SELECTOR = YES;
				GCC_WARN_UNINITIALIZED_AUTOS = YES_AGGRESSIVE;
				GCC_WARN_UNUSED_FUNCTION = YES;
				GCC_WARN_UNUSED_VARIABLE = YES;
				IPHONEOS_DEPLOYMENT_TARGET = 14.0;
				MTL_ENABLE_DEBUG_INFO = NO;
				MTL_FAST_MATH = YES;
				SDKROOT = iphoneos;
				SWIFT_COMPILATION_MODE = wholemodule;
				SWIFT_OPTIMIZATION_LEVEL = "-O";
				VALIDATE_PRODUCT = YES;
			};
			name = Release;
		};
		69FEBFE625403C92007824A6 /* Debug */ = {
			isa = XCBuildConfiguration;
			buildSettings = {
				ASSETCATALOG_COMPILER_APPICON_NAME = AppIcon;
				ASSETCATALOG_COMPILER_GLOBAL_ACCENT_COLOR_NAME = AccentColor;
				CODE_SIGN_STYLE = Automatic;
				DEVELOPMENT_ASSET_PATHS = "\"Language4Fun/Preview Content\"";
				DEVELOPMENT_TEAM = 68Y8A29K32;
				ENABLE_PREVIEWS = YES;
				INFOPLIST_FILE = Language4Fun/Info.plist;
				IPHONEOS_DEPLOYMENT_TARGET = 14.0;
				LD_RUNPATH_SEARCH_PATHS = (
					"$(inherited)",
					"@executable_path/Frameworks",
				);
				PRODUCT_BUNDLE_IDENTIFIER = com.orientale.Language4Fun;
				PRODUCT_NAME = "$(TARGET_NAME)";
				SWIFT_VERSION = 5.0;
				TARGETED_DEVICE_FAMILY = "1,2";
			};
			name = Debug;
		};
		69FEBFE725403C92007824A6 /* Release */ = {
			isa = XCBuildConfiguration;
			buildSettings = {
				ASSETCATALOG_COMPILER_APPICON_NAME = AppIcon;
				ASSETCATALOG_COMPILER_GLOBAL_ACCENT_COLOR_NAME = AccentColor;
				CODE_SIGN_STYLE = Automatic;
				DEVELOPMENT_ASSET_PATHS = "\"Language4Fun/Preview Content\"";
				DEVELOPMENT_TEAM = 68Y8A29K32;
				ENABLE_PREVIEWS = YES;
				INFOPLIST_FILE = Language4Fun/Info.plist;
				IPHONEOS_DEPLOYMENT_TARGET = 14.0;
				LD_RUNPATH_SEARCH_PATHS = (
					"$(inherited)",
					"@executable_path/Frameworks",
				);
				PRODUCT_BUNDLE_IDENTIFIER = com.orientale.Language4Fun;
				PRODUCT_NAME = "$(TARGET_NAME)";
				SWIFT_VERSION = 5.0;
				TARGETED_DEVICE_FAMILY = "1,2";
			};
			name = Release;
		};
/* End XCBuildConfiguration section */

/* Begin XCConfigurationList section */
		69FEBFD125403C8F007824A6 /* Build configuration list for PBXProject "Language4Fun" */ = {
			isa = XCConfigurationList;
			buildConfigurations = (
				69FEBFE325403C92007824A6 /* Debug */,
				69FEBFE425403C92007824A6 /* Release */,
			);
			defaultConfigurationIsVisible = 0;
			defaultConfigurationName = Release;
		};
		69FEBFE525403C92007824A6 /* Build configuration list for PBXNativeTarget "Language4Fun" */ = {
			isa = XCConfigurationList;
			buildConfigurations = (
				69FEBFE625403C92007824A6 /* Debug */,
				69FEBFE725403C92007824A6 /* Release */,
			);
			defaultConfigurationIsVisible = 0;
			defaultConfigurationName = Release;
		};
/* End XCConfigurationList section */
	};
	rootObject = 69FEBFCE25403C8F007824A6 /* Project object */;
}
